
Microsoft Visual Studio Solution File, Format Version 12.00
# Visual Studio Version 17
VisualStudioVersion = 17.3.32929.385
MinimumVisualStudioVersion = 10.0.40219.1
Project("{FAE04EC0-301F-11D3-BF4B-00C04F79EFBC}") = "Sinh vien", "Sinh Viên\Sinh vien.csproj", "{D60EA898-AC3F-400D-8B57-6DF1553DCA34}"
EndProject
Global
	GlobalSection(SolutionConfigurationPlatforms) = preSolution
		Debug|Any CPU = Debug|Any CPU
		Release|Any CPU = Release|Any CPU
	EndGlobalSection
	GlobalSection(ProjectConfigurationPlatforms) = postSolution
		{D60EA898-AC3F-400D-8B57-6DF1553DCA34}.Debug|Any CPU.ActiveCfg = Debug|Any CPU
		{D60EA898-AC3F-400D-8B57-6DF1553DCA34}.Debug|Any CPU.Build.0 = Debug|Any CPU
		{D60EA898-AC3F-400D-8B57-6DF1553DCA34}.Release|Any CPU.ActiveCfg = Release|Any CPU
		{D60EA898-AC3F-400D-8B57-6DF1553DCA34}.Release|Any CPU.Build.0 = Release|Any CPU
	EndGlobalSection
	GlobalSection(SolutionProperties) = preSolution
		HideSolutionNode = FALSE
	EndGlobalSection
	GlobalSection(ExtensibilityGlobals) = postSolution
		SolutionGuid = {0FF4CE7F-4187-4A9A-BE28-57381076BE93}
	EndGlobalSection
EndGlobal
